version = 1
requires-python = ">=3.13"

[[package]]
name = "asgiref"
version = "3.8.1"
source = { registry = "https://pypi.org/simple" }
sdist = { url = "https://files.pythonhosted.org/packages/29/38/b3395cc9ad1b56d2ddac9970bc8f4141312dbaec28bc7c218b0dfafd0f42/asgiref-3.8.1.tar.gz", hash = "sha256:c343bd80a0bec947a9860adb4c432ffa7db769836c64238fc34bdc3fec84d590", size = 35186 }
wheels = [
    { url = "https://files.pythonhosted.org/packages/39/e3/893e8757be2612e6c266d9bb58ad2e3651524b5b40cf56761e985a28b13e/asgiref-3.8.1-py3-none-any.whl", hash = "sha256:3e1e3ecc849832fe52ccf2cb6686b7a55f82bb1d6aee72a58826471390335e47", size = 23828 },
]

[[package]]
name = "backend"
version = "0.1.0"
source = { virtual = "." }
dependencies = [
    { name = "coverage" },
    { name = "django" },
    { name = "django-cors-headers" },
    { name = "djangorestframework" },
]

[package.metadata]
requires-dist = [
    { name = "coverage", specifier = ">=7.7.1" },
    { name = "django", specifier = ">=5.1.7" },
    { name = "django-cors-headers", specifier = ">=4.7.0" },
    { name = "djangorestframework", specifier = ">=3.15.2" },
]

[[package]]
name = "coverage"
version = "7.7.1"
source = { registry = "https://pypi.org/simple" }
sdist = { url = "https://files.pythonhosted.org/packages/6b/bf/3effb7453498de9c14a81ca21e1f92e6723ce7ebdc5402ae30e4dcc490ac/coverage-7.7.1.tar.gz", hash = "sha256:199a1272e642266b90c9f40dec7fd3d307b51bf639fa0d15980dc0b3246c1393", size = 810332 }
wheels = [
    { url = "https://files.pythonhosted.org/packages/ec/2a/1a254eaadb01c163b29d6ce742aa380fc5cfe74a82138ce6eb944c42effa/coverage-7.7.1-cp313-cp313-macosx_10_13_x86_64.whl", hash = "sha256:eebd927b86761a7068a06d3699fd6c20129becf15bb44282db085921ea0f1585", size = 211277 },
    { url = "https://files.pythonhosted.org/packages/cf/00/9636028365efd4eb6db71cdd01d99e59f25cf0d47a59943dbee32dd1573b/coverage-7.7.1-cp313-cp313-macosx_11_0_arm64.whl", hash = "sha256:2a79c4a09765d18311c35975ad2eb1ac613c0401afdd9cb1ca4110aeb5dd3c4c", size = 211551 },
    { url = "https://files.pythonhosted.org/packages/6f/c8/14aed97f80363f055b6cd91e62986492d9fe3b55e06b4b5c82627ae18744/coverage-7.7.1-cp313-cp313-manylinux_2_17_aarch64.manylinux2014_aarch64.whl", hash = "sha256:8b1c65a739447c5ddce5b96c0a388fd82e4bbdff7251396a70182b1d83631019", size = 245068 },
    { url = "https://files.pythonhosted.org/packages/d6/76/9c5fe3f900e01d7995b0cda08fc8bf9773b4b1be58bdd626f319c7d4ec11/coverage-7.7.1-cp313-cp313-manylinux_2_5_i686.manylinux1_i686.manylinux_2_17_i686.manylinux2014_i686.whl", hash = "sha256:392cc8fd2b1b010ca36840735e2a526fcbd76795a5d44006065e79868cc76ccf", size = 242109 },
    { url = "https://files.pythonhosted.org/packages/c0/81/760993bb536fb674d3a059f718145dcd409ed6d00ae4e3cbf380019fdfd0/coverage-7.7.1-cp313-cp313-manylinux_2_5_x86_64.manylinux1_x86_64.manylinux_2_17_x86_64.manylinux2014_x86_64.whl", hash = "sha256:9bb47cc9f07a59a451361a850cb06d20633e77a9118d05fd0f77b1864439461b", size = 244129 },
    { url = "https://files.pythonhosted.org/packages/00/be/1114a19f93eae0b6cd955dabb5bee80397bd420d846e63cd0ebffc134e3d/coverage-7.7.1-cp313-cp313-musllinux_1_2_aarch64.whl", hash = "sha256:b4c144c129343416a49378e05c9451c34aae5ccf00221e4fa4f487db0816ee2f", size = 244201 },
    { url = "https://files.pythonhosted.org/packages/06/8d/9128fd283c660474c7dc2b1ea5c66761bc776b970c1724989ed70e9d6eee/coverage-7.7.1-cp313-cp313-musllinux_1_2_i686.whl", hash = "sha256:bc96441c9d9ca12a790b5ae17d2fa6654da4b3962ea15e0eabb1b1caed094777", size = 242282 },
    { url = "https://files.pythonhosted.org/packages/d4/2a/6d7dbfe9c1f82e2cdc28d48f4a0c93190cf58f057fa91ba2391b92437fe6/coverage-7.7.1-cp313-cp313-musllinux_1_2_x86_64.whl", hash = "sha256:3d03287eb03186256999539d98818c425c33546ab4901028c8fa933b62c35c3a", size = 243570 },
    { url = "https://files.pythonhosted.org/packages/cf/3e/29f1e4ce3bb951bcf74b2037a82d94c5064b3334304a3809a95805628838/coverage-7.7.1-cp313-cp313-win32.whl", hash = "sha256:8fed429c26b99641dc1f3a79179860122b22745dd9af36f29b141e178925070a", size = 213772 },
    { url = "https://files.pythonhosted.org/packages/bc/3a/cf029bf34aefd22ad34f0e808eba8d5830f297a1acb483a2124f097ff769/coverage-7.7.1-cp313-cp313-win_amd64.whl", hash = "sha256:092b134129a8bb940c08b2d9ceb4459af5fb3faea77888af63182e17d89e1cf1", size = 214575 },
    { url = "https://files.pythonhosted.org/packages/92/4c/fb8b35f186a2519126209dce91ab8644c9a901cf04f8dfa65576ca2dd9e8/coverage-7.7.1-cp313-cp313t-macosx_10_13_x86_64.whl", hash = "sha256:d3154b369141c3169b8133973ac00f63fcf8d6dbcc297d788d36afbb7811e511", size = 212113 },
    { url = "https://files.pythonhosted.org/packages/59/90/e834ffc86fd811c5b570a64ee1895b20404a247ec18a896b9ba543b12097/coverage-7.7.1-cp313-cp313t-macosx_11_0_arm64.whl", hash = "sha256:264ff2bcce27a7f455b64ac0dfe097680b65d9a1a293ef902675fa8158d20b24", size = 212333 },
    { url = "https://files.pythonhosted.org/packages/a5/a1/27f0ad39569b3b02410b881c42e58ab403df13fcd465b475db514b83d3d3/coverage-7.7.1-cp313-cp313t-manylinux_2_17_aarch64.manylinux2014_aarch64.whl", hash = "sha256:ba8480ebe401c2f094d10a8c4209b800a9b77215b6c796d16b6ecdf665048950", size = 256566 },
    { url = "https://files.pythonhosted.org/packages/9f/3b/21fa66a1db1b90a0633e771a32754f7c02d60236a251afb1b86d7e15d83a/coverage-7.7.1-cp313-cp313t-manylinux_2_5_i686.manylinux1_i686.manylinux_2_17_i686.manylinux2014_i686.whl", hash = "sha256:520af84febb6bb54453e7fbb730afa58c7178fd018c398a8fcd8e269a79bf96d", size = 252276 },
    { url = "https://files.pythonhosted.org/packages/d6/e5/4ab83a59b0f8ac4f0029018559fc4c7d042e1b4552a722e2bfb04f652296/coverage-7.7.1-cp313-cp313t-manylinux_2_5_x86_64.manylinux1_x86_64.manylinux_2_17_x86_64.manylinux2014_x86_64.whl", hash = "sha256:88d96127ae01ff571d465d4b0be25c123789cef88ba0879194d673fdea52f54e", size = 254616 },
    { url = "https://files.pythonhosted.org/packages/db/7a/4224417c0ccdb16a5ba4d8d1fcfaa18439be1624c29435bb9bc88ccabdfb/coverage-7.7.1-cp313-cp313t-musllinux_1_2_aarch64.whl", hash = "sha256:0ce92c5a9d7007d838456f4b77ea159cb628187a137e1895331e530973dcf862", size = 255707 },
    { url = "https://files.pythonhosted.org/packages/51/20/ff18a329ccaa3d035e2134ecf3a2e92a52d3be6704c76e74ca5589ece260/coverage-7.7.1-cp313-cp313t-musllinux_1_2_i686.whl", hash = "sha256:0dab4ef76d7b14f432057fdb7a0477e8bffca0ad39ace308be6e74864e632271", size = 253876 },
    { url = "https://files.pythonhosted.org/packages/e4/e8/1d6f1a6651672c64f45ffad05306dad9c4c189bec694270822508049b2cb/coverage-7.7.1-cp313-cp313t-musllinux_1_2_x86_64.whl", hash = "sha256:7e688010581dbac9cab72800e9076e16f7cccd0d89af5785b70daa11174e94de", size = 254687 },
    { url = "https://files.pythonhosted.org/packages/6b/ea/1b9a14cf3e2bc3fd9de23a336a8082091711c5f480b500782d59e84a8fe5/coverage-7.7.1-cp313-cp313t-win32.whl", hash = "sha256:e52eb31ae3afacdacfe50705a15b75ded67935770c460d88c215a9c0c40d0e9c", size = 214486 },
    { url = "https://files.pythonhosted.org/packages/cc/bb/faa6bcf769cb7b3b660532a30d77c440289b40636c7f80e498b961295d07/coverage-7.7.1-cp313-cp313t-win_amd64.whl", hash = "sha256:a6b6b3bd121ee2ec4bd35039319f3423d0be282b9752a5ae9f18724bc93ebe7c", size = 215647 },
    { url = "https://files.pythonhosted.org/packages/52/26/9f53293ff4cc1d47d98367ce045ca2e62746d6be74a5c6851a474eabf59b/coverage-7.7.1-py3-none-any.whl", hash = "sha256:822fa99dd1ac686061e1219b67868e25d9757989cf2259f735a4802497d6da31", size = 203006 },
]

[[package]]
name = "django"
version = "5.1.7"
source = { registry = "https://pypi.org/simple" }
dependencies = [
    { name = "asgiref" },
    { name = "sqlparse" },
    { name = "tzdata", marker = "sys_platform == 'win32'" },
]
sdist = { url = "https://files.pythonhosted.org/packages/5f/57/11186e493ddc5a5e92cc7924a6363f7d4c2b645f7d7cb04a26a63f9bfb8b/Django-5.1.7.tar.gz", hash = "sha256:30de4ee43a98e5d3da36a9002f287ff400b43ca51791920bfb35f6917bfe041c", size = 10716510 }
wheels = [
    { url = "https://files.pythonhosted.org/packages/ba/0f/7e042df3d462d39ae01b27a09ee76653692442bc3701fbfa6cb38e12889d/Django-5.1.7-py3-none-any.whl", hash = "sha256:1323617cb624add820cb9611cdcc788312d250824f92ca6048fda8625514af2b", size = 8276912 },
]

[[package]]
name = "django-cors-headers"
version = "4.7.0"
source = { registry = "https://pypi.org/simple" }
dependencies = [
    { name = "asgiref" },
    { name = "django" },
]
sdist = { url = "https://files.pythonhosted.org/packages/93/6c/16f6cb6064c63074fd5b2bd494eb319afd846236d9c1a6c765946df2c289/django_cors_headers-4.7.0.tar.gz", hash = "sha256:6fdf31bf9c6d6448ba09ef57157db2268d515d94fc5c89a0a1028e1fc03ee52b", size = 21037 }
wheels = [
    { url = "https://files.pythonhosted.org/packages/7e/a2/7bcfff86314bd9dd698180e31ba00604001606efb518a06cca6833a54285/django_cors_headers-4.7.0-py3-none-any.whl", hash = "sha256:f1c125dcd58479fe7a67fe2499c16ee38b81b397463cf025f0e2c42937421070", size = 12794 },
]

[[package]]
name = "djangorestframework"
version = "3.15.2"
source = { registry = "https://pypi.org/simple" }
dependencies = [
    { name = "django" },
]
sdist = { url = "https://files.pythonhosted.org/packages/2c/ce/31482eb688bdb4e271027076199e1aa8d02507e530b6d272ab8b4481557c/djangorestframework-3.15.2.tar.gz", hash = "sha256:36fe88cd2d6c6bec23dca9804bab2ba5517a8bb9d8f47ebc68981b56840107ad", size = 1067420 }
wheels = [
    { url = "https://files.pythonhosted.org/packages/7c/b6/fa99d8f05eff3a9310286ae84c4059b08c301ae4ab33ae32e46e8ef76491/djangorestframework-3.15.2-py3-none-any.whl", hash = "sha256:2b8871b062ba1aefc2de01f773875441a961fefbf79f5eed1e32b2f096944b20", size = 1071235 },
]

[[package]]
name = "sqlparse"
version = "0.5.3"
source = { registry = "https://pypi.org/simple" }
sdist = { url = "https://files.pythonhosted.org/packages/e5/40/edede8dd6977b0d3da179a342c198ed100dd2aba4be081861ee5911e4da4/sqlparse-0.5.3.tar.gz", hash = "sha256:09f67787f56a0b16ecdbde1bfc7f5d9c3371ca683cfeaa8e6ff60b4807ec9272", size = 84999 }
wheels = [
    { url = "https://files.pythonhosted.org/packages/a9/5c/bfd6bd0bf979426d405cc6e71eceb8701b148b16c21d2dc3c261efc61c7b/sqlparse-0.5.3-py3-none-any.whl", hash = "sha256:cf2196ed3418f3ba5de6af7e82c694a9fbdbfecccdfc72e281548517081f16ca", size = 44415 },
]

[[package]]
name = "tzdata"
version = "2025.1"
source = { registry = "https://pypi.org/simple" }
sdist = { url = "https://files.pythonhosted.org/packages/43/0f/fa4723f22942480be4ca9527bbde8d43f6c3f2fe8412f00e7f5f6746bc8b/tzdata-2025.1.tar.gz", hash = "sha256:24894909e88cdb28bd1636c6887801df64cb485bd593f2fd83ef29075a81d694", size = 194950 }
wheels = [
    { url = "https://files.pythonhosted.org/packages/0f/dd/84f10e23edd882c6f968c21c2434fe67bd4a528967067515feca9e611e5e/tzdata-2025.1-py2.py3-none-any.whl", hash = "sha256:7e127113816800496f027041c570f50bcd464a020098a3b6b199517772303639", size = 346762 },
]
